
Microsoft Visual Studio Solution File, Format Version 12.00
# Visual Studio Version 16
VisualStudioVersion = 16.0.28803.202
MinimumVisualStudioVersion = 10.0.40219.1
Project("{9A19103F-16F7-4668-BE54-9A1E7A4F7556}") = "BlazorServerSide.Web", "src\BlazorServerSide.Web\BlazorServerSide.Web.csproj", "{1ED29589-85D1-4CE0-9E7C-BAB72474E739}"
EndProject
Project("{FAE04EC0-301F-11D3-BF4B-00C04F79EFBC}") = "BlazorServerSide.Core", "src\BlazorServerSide.Core\BlazorServerSide.Core.csproj", "{4505985A-A0A0-429B-AD6F-DE4356FFBF55}"
EndProject
Project("{FAE04EC0-301F-11D3-BF4B-00C04F79EFBC}") = "BlazorServerSide.Core.Implementation", "src\BlazorServerSide.Core.Implementation\BlazorServerSide.Core.Implementation.csproj", "{617A1936-377B-4755-BE77-A2D6A1E5D507}"
EndProject
Global
	GlobalSection(SolutionConfigurationPlatforms) = preSolution
		Debug|Any CPU = Debug|Any CPU
		Release|Any CPU = Release|Any CPU
	EndGlobalSection
	GlobalSection(ProjectConfigurationPlatforms) = postSolution
		{1ED29589-85D1-4CE0-9E7C-BAB72474E739}.Debug|Any CPU.ActiveCfg = Debug|Any CPU
		{1ED29589-85D1-4CE0-9E7C-BAB72474E739}.Debug|Any CPU.Build.0 = Debug|Any CPU
		{1ED29589-85D1-4CE0-9E7C-BAB72474E739}.Release|Any CPU.ActiveCfg = Release|Any CPU
		{1ED29589-85D1-4CE0-9E7C-BAB72474E739}.Release|Any CPU.Build.0 = Release|Any CPU
		{4505985A-A0A0-429B-AD6F-DE4356FFBF55}.Debug|Any CPU.ActiveCfg = Debug|Any CPU
		{4505985A-A0A0-429B-AD6F-DE4356FFBF55}.Debug|Any CPU.Build.0 = Debug|Any CPU
		{4505985A-A0A0-429B-AD6F-DE4356FFBF55}.Release|Any CPU.ActiveCfg = Release|Any CPU
		{4505985A-A0A0-429B-AD6F-DE4356FFBF55}.Release|Any CPU.Build.0 = Release|Any CPU
		{617A1936-377B-4755-BE77-A2D6A1E5D507}.Debug|Any CPU.ActiveCfg = Debug|Any CPU
		{617A1936-377B-4755-BE77-A2D6A1E5D507}.Debug|Any CPU.Build.0 = Debug|Any CPU
		{617A1936-377B-4755-BE77-A2D6A1E5D507}.Release|Any CPU.ActiveCfg = Release|Any CPU
		{617A1936-377B-4755-BE77-A2D6A1E5D507}.Release|Any CPU.Build.0 = Release|Any CPU
	EndGlobalSection
	GlobalSection(SolutionProperties) = preSolution
		HideSolutionNode = FALSE
	EndGlobalSection
	GlobalSection(ExtensibilityGlobals) = postSolution
		SolutionGuid = {570220D7-32B2-4DA1-BA63-F94B91817399}
	EndGlobalSection
EndGlobal
